{
    "_readme": [
        "This file locks the dependencies of your project to a known state",
        "Read more about it at https://getcomposer.org/doc/01-basic-usage.md#composer-lock-the-lock-file",
        "This file is @generated automatically"
    ],
    "content-hash": "c894c76e1cc5501e5ec26d9fe6758824",
    "packages": [
        {
            "name": "furiosojack/mr-binary-tree",
            "version": "0.1.0",
            "source": {
                "type": "git",
                "url": "https://github.com/FuriosoJack/MrBinaryTree.git",
                "reference": "6c3e2d1e1d79b20a4e10578011cb9ced9bcd75fc"
            },
            "dist": {
                "type": "zip",
                "url": "https://api.github.com/repos/FuriosoJack/MrBinaryTree/zipball/6c3e2d1e1d79b20a4e10578011cb9ced9bcd75fc",
                "reference": "6c3e2d1e1d79b20a4e10578011cb9ced9bcd75fc",
                "shasum": ""
            },
            "require": {
                "php": ">= 5.4"
            },
            "type": "library",
            "autoload": {
                "psr-4": {
                    "FuriosoJack\\MrBinaryTree\\": "src"
                }
            },
            "notification-url": "https://packagist.org/downloads/",
            "license": [
                "MIT"
            ],
            "authors": [
                {
                    "name": "FuriosoJack",
                    "email": "furiosojuan0@gmail.com"
                }
            ],
            "description": "Arbol binario para ordenamiento o busqueda | Binary tree to sort or search",
            "homepage": "https://github.com/FuriosoJack/MrBinaryTree",
            "keywords": [
                "arbol",
                "binario",
                "binary",
                "binary-tree",
                "ordenamiento",
                "sort",
                "tree"
            ],
            "time": "2017-12-11T20:23:53+00:00"
        }
    ],
    "packages-dev": [],
    "aliases": [],
    "minimum-stability": "stable",
    "stability-flags": [],
    "prefer-stable": false,
    "prefer-lowest": false,
    "platform": {
        "php": ">= 5.4"
    },
    "platform-dev": []
}
